
Microsoft Visual Studio Solution File, Format Version 12.00
# Visual Studio Version 16
VisualStudioVersion = 16.0.32106.194
MinimumVisualStudioVersion = 10.0.40219.1
Project("{FAE04EC0-301F-11D3-BF4B-00C04F79EFBC}") = "5Pr", "5Pr\5Pr.csproj", "{896399C1-3FAE-42B8-AA20-139A41B7D251}"
EndProject
Global
	GlobalSection(SolutionConfigurationPlatforms) = preSolution
		Debug|Any CPU = Debug|Any CPU
		Release|Any CPU = Release|Any CPU
	EndGlobalSection
	GlobalSection(ProjectConfigurationPlatforms) = postSolution
		{896399C1-3FAE-42B8-AA20-139A41B7D251}.Debug|Any CPU.ActiveCfg = Debug|Any CPU
		{896399C1-3FAE-42B8-AA20-139A41B7D251}.Debug|Any CPU.Build.0 = Debug|Any CPU
		{896399C1-3FAE-42B8-AA20-139A41B7D251}.Release|Any CPU.ActiveCfg = Release|Any CPU
		{896399C1-3FAE-42B8-AA20-139A41B7D251}.Release|Any CPU.Build.0 = Release|Any CPU
	EndGlobalSection
	GlobalSection(SolutionProperties) = preSolution
		HideSolutionNode = FALSE
	EndGlobalSection
	GlobalSection(ExtensibilityGlobals) = postSolution
		SolutionGuid = {09791E67-155A-4C16-A49F-B6E93CC6AEAD}
	EndGlobalSection
EndGlobal
